
Microsoft Visual Studio Solution File, Format Version 12.00
# Visual Studio Version 17
VisualStudioVersion = 17.10.35122.118
MinimumVisualStudioVersion = 10.0.40219.1
Project("{FAE04EC0-301F-11D3-BF4B-00C04F79EFBC}") = "HelloWorld_Hunt_Shayla", "HelloWorld_Hunt_Shayla\HelloWorld_Hunt_Shayla.csproj", "{4C0F9500-AEAA-4E74-BA24-8F5856EE9187}"
EndProject
Global
	GlobalSection(SolutionConfigurationPlatforms) = preSolution
		Debug|Any CPU = Debug|Any CPU
		Release|Any CPU = Release|Any CPU
	EndGlobalSection
	GlobalSection(ProjectConfigurationPlatforms) = postSolution
		{4C0F9500-AEAA-4E74-BA24-8F5856EE9187}.Debug|Any CPU.ActiveCfg = Debug|Any CPU
		{4C0F9500-AEAA-4E74-BA24-8F5856EE9187}.Debug|Any CPU.Build.0 = Debug|Any CPU
		{4C0F9500-AEAA-4E74-BA24-8F5856EE9187}.Release|Any CPU.ActiveCfg = Release|Any CPU
		{4C0F9500-AEAA-4E74-BA24-8F5856EE9187}.Release|Any CPU.Build.0 = Release|Any CPU
	EndGlobalSection
	GlobalSection(SolutionProperties) = preSolution
		HideSolutionNode = FALSE
	EndGlobalSection
	GlobalSection(ExtensibilityGlobals) = postSolution
		SolutionGuid = {127975F7-A53E-4C2C-9002-F7395E49B874}
	EndGlobalSection
EndGlobal
